# Generated by move; do not edit
# This file should be checked in.

[move]
version = 4

[pinned.localnet.MoveStdlib]
source = { local = "/Users/brandonshaw/Offline-Projects/ProjectYZ/myso-core/crates/myso-framework/packages/move-stdlib" }
use_environment = "localnet"
manifest_digest = "C4FE4C91DE74CBF223B2E380AE40F592177D21870DC2D7EB6227D2D694E05363"
deps = {}

[pinned.localnet.MySo]
source = { local = "/Users/brandonshaw/Offline-Projects/ProjectYZ/myso-core/crates/myso-framework/packages/myso-framework/myso-framework" }
use_environment = "localnet"
manifest_digest = "A94391C49E65263F7D9D696B8E46B2ED1272BC44DE2AA2A7019C3341CD70AD35"
deps = { MoveStdlib = "MoveStdlib" }

[pinned.localnet.MySocialContracts]
source = { local = "/Users/brandonshaw/Offline-Projects/ProjectYZ/myso-core/crates/myso-framework/packages/myso-social" }
use_environment = "localnet"
manifest_digest = "B3A5ED229955DFD12DA541B2457D54009DA7D77D51345CB35107CFD8B4F555B3"
deps = { MoveStdlib = "MoveStdlib", Orderbook = "Orderbook", mydata = "mydata", myso = "MySo" }

[pinned.localnet.Orderbook]
source = { local = "/Users/brandonshaw/Offline-Projects/ProjectYZ/myso-core/crates/myso-framework/packages/orderbook" }
use_environment = "localnet"
manifest_digest = "723E6E2ED23E25E2B616E106A425A247A3E67A506D3C9F34427851E3FE0A3A87"
deps = { MoveStdlib = "MoveStdlib", MySo = "MySo" }

[pinned.localnet.messaging]
source = { root = true }
use_environment = "localnet"
manifest_digest = "DAA671A109CF7B535ED7C1945B243F84803C4DC9D48D45CF105690B6420631AE"
deps = { MoveStdlib = "MoveStdlib", MySo = "MySo", MySocialContracts = "MySocialContracts" }

[pinned.localnet.mydata]
source = { local = "/Users/brandonshaw/Offline-Projects/ProjectYZ/myso-core/crates/myso-framework/packages/mydata" }
use_environment = "localnet"
manifest_digest = "723E6E2ED23E25E2B616E106A425A247A3E67A506D3C9F34427851E3FE0A3A87"
deps = { MoveStdlib = "MoveStdlib", MySo = "MySo" }

[pinned.mainnet.MoveStdlib]
source = { git = "https://github.com/the-social-proof-foundation/myso-core.git", subdir = "crates/myso-framework/packages/move-stdlib", rev = "c86166bb5bd8e6eead29dd841b076d36d5736e12" }
use_environment = "mainnet"
manifest_digest = "C4FE4C91DE74CBF223B2E380AE40F592177D21870DC2D7EB6227D2D694E05363"
deps = {}

[pinned.mainnet.MoveStdlib_1]
source = { git = "https://github.com/the-social-proof-foundation/myso-core.git", subdir = "crates/myso-framework/packages/move-stdlib", rev = "c86166bb5bd8e6eead29dd841b076d36d5736e12" }
use_environment = "mainnet"
manifest_digest = "C4FE4C91DE74CBF223B2E380AE40F592177D21870DC2D7EB6227D2D694E05363"
deps = {}

[pinned.mainnet.MySo]
source = { git = "https://github.com/the-social-proof-foundation/myso-core.git", subdir = "crates/myso-framework/packages/myso-framework", rev = "c86166bb5bd8e6eead29dd841b076d36d5736e12" }
use_environment = "mainnet"
manifest_digest = "CD547CB1ACCE0880C835DAED2D8FFCB91D56C833AE5240D3AA5B918398263195"
deps = { MoveStdlib = "MoveStdlib" }

[pinned.mainnet.MySo_1]
source = { git = "https://github.com/the-social-proof-foundation/myso-core.git", subdir = "crates/myso-framework/packages/myso-framework", rev = "c86166bb5bd8e6eead29dd841b076d36d5736e12" }
use_environment = "mainnet"
manifest_digest = "CD547CB1ACCE0880C835DAED2D8FFCB91D56C833AE5240D3AA5B918398263195"
deps = { MoveStdlib = "MoveStdlib_1" }

[pinned.mainnet.myso_groups]
source = { git = "https://github.com/the-social-proof-foundation/myso-groups.git", subdir = "move/packages/myso_groups", rev = "5f566f64bc759f07ff5989c134e25f6a2813d6e5" }
use_environment = "mainnet"
manifest_digest = "E41BBD67BE8940D26C79D78B028477EF5B33BA217A1282C78ACB344CF8A5ECF6"
deps = { myso = "MySo", std = "MoveStdlib" }

[pinned.mainnet.myso_messaging]
source = { root = true }
use_environment = "mainnet"
manifest_digest = "1BFC5F11A7B7C2F01F9FCA5B2BFB9568980C3596479225BF0E0FED3E71483313"
deps = { myso = "MySo", myso_groups = "myso_groups", std = "MoveStdlib" }

[pinned.testnet.MoveStdlib]
source = { git = "https://github.com/MystenLabs/sui.git", subdir = "crates/sui-framework/packages/move-stdlib", rev = "c2428b3aaf9c24270b609001e56d96cb10c76d28" }
use_environment = "testnet"
manifest_digest = "C4FE4C91DE74CBF223B2E380AE40F592177D21870DC2D7EB6227D2D694E05363"
deps = {}

[pinned.testnet.Sui]
source = { git = "https://github.com/MystenLabs/sui.git", subdir = "crates/sui-framework/packages/sui-framework", rev = "c2428b3aaf9c24270b609001e56d96cb10c76d28" }
use_environment = "testnet"
manifest_digest = "7AFB66695545775FBFBB2D3078ADFD084244D5002392E837FDE21D9EA1C6D01C"
deps = { MoveStdlib = "MoveStdlib" }

[pinned.testnet.myso_groups]
source = { local = "../../../../myso-groups/move/packages/myso_groups" }
use_environment = "testnet"
manifest_digest = "5745706258F61D6CE210904B3E6AE87A73CE9D31A6F93BE4718C442529332A87"
deps = { std = "MoveStdlib", sui = "Sui" }

[pinned.testnet.myso_messaging]
source = { root = true }
use_environment = "testnet"
manifest_digest = "A9A21B735957A454535BA61257FE6354906996A8BE3EE8D793EFB0E6BAED6514"
deps = { myso_groups = "myso_groups", std = "MoveStdlib", sui = "Sui" }
