# Generated by move; do not edit
# This file should be checked in.

[move]
version = 4

[pinned.testnet.MoveStdlib]
source = { git = "https://github.com/the-social-proof-foundation/myso-core.git", subdir = "crates/myso-framework/packages/move-stdlib", rev = "04a59df697bba4c56738aee0e49820896c695b16" }
use_environment = "testnet"
manifest_digest = "C4FE4C91DE74CBF223B2E380AE40F592177D21870DC2D7EB6227D2D694E05363"
deps = {}

[pinned.testnet.MySo]
source = { git = "https://github.com/the-social-proof-foundation/myso-core.git", subdir = "crates/myso-framework/packages/myso-framework/myso-framework", rev = "04a59df697bba4c56738aee0e49820896c695b16" }
use_environment = "testnet"
manifest_digest = "CE921C83ACA3D431025766C0E02CEBE2835D7E24D5CB2141D0C75D406950319A"
deps = { MoveStdlib = "MoveStdlib" }

[pinned.testnet.example_app]
source = { root = true }
use_environment = "testnet"
manifest_digest = "9B90CCA829FC90D88A2729F14982CE51187747436B6A9BE888C231E14B94A6E2"
deps = { myso = "MySo", myso_groups = "myso_groups", myso_messaging = "myso_messaging", std = "MoveStdlib" }

[pinned.testnet.myso_groups]
source = { git = "https://github.com/the-social-proof-foundation/myso-groups.git", subdir = "move/packages/myso_groups", rev = "5f566f64bc759f07ff5989c134e25f6a2813d6e5" }
use_environment = "testnet"
manifest_digest = "6DB51DC3D3906BFBAE6FC853FEF2805DA3C84238C96F00973765DE18D185AD78"
deps = { myso = "MySo", std = "MoveStdlib" }

[pinned.testnet.myso_messaging]
source = { local = "../myso_messaging_stack" }
use_environment = "testnet"
manifest_digest = "1826B7E2323EBB78C24EB132660FE8809CC2E2A2555B8633C140635BD2A6A9A3"
deps = { myso = "MySo", myso_groups = "myso_groups", std = "MoveStdlib" }
