# Generated by move; do not edit
# This file should be checked in.

[move]
version = 4

[pinned.testnet.MoveStdlib]
source = { git = "https://github.com/the-social-proof-foundation/myso.git", subdir = "crates/myso-framework/packages/move-stdlib", rev = "384b1c7ff289b32ed2664f29dc47dbc879fa43ee" }
use_environment = "testnet"
manifest_digest = "C4FE4C91DE74CBF223B2E380AE40F592177D21870DC2D7EB6227D2D694E05363"
deps = {}

[pinned.testnet.MoveStdlib_1]
source = { git = "https://github.com/the-social-proof-foundation/myso.git", subdir = "crates/myso-framework/packages/move-stdlib", rev = "3c0f387ebb40b8be292d3b7bd3f5bee8ad226d33" }
use_environment = "testnet"
manifest_digest = "C4FE4C91DE74CBF223B2E380AE40F592177D21870DC2D7EB6227D2D694E05363"
deps = {}

[pinned.testnet.MySo]
source = { git = "https://github.com/the-social-proof-foundation/myso.git", subdir = "crates/myso-framework/packages/myso-framework", rev = "384b1c7ff289b32ed2664f29dc47dbc879fa43ee" }
use_environment = "testnet"
manifest_digest = "7AFB66695545775FBFBB2D3078ADFD084244D5002392E837FDE21D9EA1C6D01C"
deps = { MoveStdlib = "MoveStdlib" }

[pinned.testnet.MySo_1]
source = { git = "https://github.com/the-social-proof-foundation/myso.git", subdir = "crates/myso-framework/packages/myso-framework", rev = "3c0f387ebb40b8be292d3b7bd3f5bee8ad226d33" }
use_environment = "testnet"
manifest_digest = "7AFB66695545775FBFBB2D3078ADFD084244D5002392E837FDE21D9EA1C6D01C"
deps = { MoveStdlib = "MoveStdlib_1" }

[pinned.testnet.example_app]
source = { root = true }
use_environment = "testnet"
manifest_digest = "01258673B17B1B4AD6FE022963BBC1E880EB9B690DA6D4E4660A3EC9E1622F0C"
deps = { std = "MoveStdlib", myso = "MySo", myso_groups = "myso_groups", myso_messaging_stack = "myso_messaging_stack" }

[pinned.testnet.myso_groups]
source = { git = "https://github.com/the-social-proof-foundation/myso-groups.git", subdir = "move/packages/myso_groups", rev = "a74c317c87083dc9da1fd364910b1d1bfcc50c7f" }
use_environment = "testnet"
manifest_digest = "5745706258F61D6CE210904B3E6AE87A73CE9D31A6F93BE4718C442529332A87"
deps = { std = "MoveStdlib", myso = "MySo" }

[pinned.testnet.myso_messaging_stack]
source = { local = "../myso_messaging_stack" }
use_environment = "testnet"
manifest_digest = "ED070E5352DEB3C2729D453AF7D560497C5B202B115E9D2B41E147BFCB3A4717"
deps = { std = "MoveStdlib", myso = "MySo", myso_groups = "myso_groups", mysons = "mysons" }

[pinned.testnet.mysons]
source = { git = "https://github.com/the-social-proof-foundation/mysons-contracts", subdir = "packages/mysons", rev = "2b75990bdc31472405a6bf47b40152627a1fa6c0" }
use_environment = "testnet"
manifest_digest = "DEE42C89BB3F8EC67C17BC4AE0CEBE14A28F4FA787E857046EAF0FA38D556496"
deps = { MySo = "MySo_1" }
