# Generated by move; do not edit
# This file should be checked in.

[move]
version = 4

[pinned.mainnet.MoveStdlib]
source = { git = "https://github.com/the-social-proof-foundation/myso-core.git", subdir = "crates/myso-framework/packages/move-stdlib", rev = "c86166bb5bd8e6eead29dd841b076d36d5736e12" }
use_environment = "mainnet"
manifest_digest = "C4FE4C91DE74CBF223B2E380AE40F592177D21870DC2D7EB6227D2D694E05363"
deps = {}

[pinned.mainnet.MoveStdlib_1]
source = { git = "https://github.com/the-social-proof-foundation/myso-core.git", subdir = "crates/myso-framework/packages/move-stdlib", rev = "c86166bb5bd8e6eead29dd841b076d36d5736e12" }
use_environment = "mainnet"
manifest_digest = "C4FE4C91DE74CBF223B2E380AE40F592177D21870DC2D7EB6227D2D694E05363"
deps = {}

[pinned.mainnet.MySo]
source = { git = "https://github.com/the-social-proof-foundation/myso-core.git", subdir = "crates/myso-framework/packages/myso-framework", rev = "c86166bb5bd8e6eead29dd841b076d36d5736e12" }
use_environment = "mainnet"
manifest_digest = "CD547CB1ACCE0880C835DAED2D8FFCB91D56C833AE5240D3AA5B918398263195"
deps = { MoveStdlib = "MoveStdlib" }

[pinned.mainnet.MySo_1]
source = { git = "https://github.com/the-social-proof-foundation/myso-core.git", subdir = "crates/myso-framework/packages/myso-framework", rev = "c86166bb5bd8e6eead29dd841b076d36d5736e12" }
use_environment = "mainnet"
manifest_digest = "CD547CB1ACCE0880C835DAED2D8FFCB91D56C833AE5240D3AA5B918398263195"
deps = { MoveStdlib = "MoveStdlib_1" }

[pinned.mainnet.myso_groups]
source = { git = "https://github.com/the-social-proof-foundation/myso-groups.git", subdir = "move/packages/myso_groups", rev = "5f566f64bc759f07ff5989c134e25f6a2813d6e5" }
use_environment = "mainnet"
manifest_digest = "E41BBD67BE8940D26C79D78B028477EF5B33BA217A1282C78ACB344CF8A5ECF6"
deps = { myso = "MySo", std = "MoveStdlib" }

[pinned.mainnet.myso_messaging]
source = { root = true }
use_environment = "mainnet"
manifest_digest = "1BFC5F11A7B7C2F01F9FCA5B2BFB9568980C3596479225BF0E0FED3E71483313"
deps = { myso = "MySo", myso_groups = "myso_groups", std = "MoveStdlib" }

[pinned.testnet.MoveStdlib]
source = { git = "https://github.com/the-social-proof-foundation/myso-core.git", subdir = "crates/myso-framework/packages/move-stdlib", rev = "04a59df697bba4c56738aee0e49820896c695b16" }
use_environment = "testnet"
manifest_digest = "C4FE4C91DE74CBF223B2E380AE40F592177D21870DC2D7EB6227D2D694E05363"
deps = {}

[pinned.testnet.MySo]
source = { git = "https://github.com/the-social-proof-foundation/myso-core.git", subdir = "crates/myso-framework/packages/myso-framework/myso-framework", rev = "04a59df697bba4c56738aee0e49820896c695b16" }
use_environment = "testnet"
manifest_digest = "CE921C83ACA3D431025766C0E02CEBE2835D7E24D5CB2141D0C75D406950319A"
deps = { MoveStdlib = "MoveStdlib" }

[pinned.testnet.myso_groups]
source = { git = "https://github.com/the-social-proof-foundation/myso-groups.git", subdir = "move/packages/myso_groups", rev = "5f566f64bc759f07ff5989c134e25f6a2813d6e5" }
use_environment = "testnet"
manifest_digest = "6DB51DC3D3906BFBAE6FC853FEF2805DA3C84238C96F00973765DE18D185AD78"
deps = { myso = "MySo", std = "MoveStdlib" }

[pinned.testnet.myso_messaging]
source = { root = true }
use_environment = "testnet"
manifest_digest = "1826B7E2323EBB78C24EB132660FE8809CC2E2A2555B8633C140635BD2A6A9A3"
deps = { myso = "MySo", myso_groups = "myso_groups", std = "MoveStdlib" }
